<?xml version="1.0" encoding="UTF-8"?>
<CodeBlocks_project_file>
	<FileVersion major="1" minor="6"/>
	<Project>
		<Option title="calc"/>
		<Option makefile_is_custom="1"/>
		<Option compiler="gcc"/>
		<Option virtualFolders="CMake Files\;CMake Files\..\;CMake Files\..\..\;CMake Files\..\..\..\;CMake Files\..\..\..\..\;CMake Files\..\..\..\..\..\;CMake Files\..\..\..\..\..\usr\;CMake Files\..\..\..\..\..\usr\lib\;CMake Files\..\..\..\..\..\usr\lib\x86_64-linux-gnu\;CMake Files\..\..\..\..\..\usr\lib\x86_64-linux-gnu\cmake\;CMake Files\..\..\..\..\..\usr\lib\x86_64-linux-gnu\cmake\Qt5\;CMake Files\..\..\..\..\..\usr\lib\x86_64-linux-gnu\cmake\Qt5Widgets\;CMake Files\..\..\..\..\..\usr\lib\x86_64-linux-gnu\cmake\Qt5Gui\;CMake Files\..\..\..\..\..\usr\lib\x86_64-linux-gnu\cmake\Qt5Core\;CMake Files\..\..\..\..\..\usr\lib\x86_64-linux-gnu\cmake\Qt5LinguistTools\;CMake Files\resources\;"/>
		<Build>
			<Target title="all">
				<Option working_dir="/home/kosant/Desktop/Smartcalc_CPP/build-src-Desktop-Debug"/>
				<Option type="4"/>
				<MakeCommands>
					<Build command="/usr/bin/make -j12 -f &quot;/home/kosant/Desktop/Smartcalc_CPP/build-src-Desktop-Debug/Makefile&quot;  VERBOSE=1 all"/>
					<CompileFile command="/usr/bin/make -j12 -f &quot;/home/kosant/Desktop/Smartcalc_CPP/build-src-Desktop-Debug/Makefile&quot;  VERBOSE=1 &quot;$file&quot;"/>
					<Clean command="/usr/bin/make -j12 -f &quot;/home/kosant/Desktop/Smartcalc_CPP/build-src-Desktop-Debug/Makefile&quot;  VERBOSE=1 clean"/>
					<DistClean command="/usr/bin/make -j12 -f &quot;/home/kosant/Desktop/Smartcalc_CPP/build-src-Desktop-Debug/Makefile&quot;  VERBOSE=1 clean"/>
				</MakeCommands>
			</Target>
			<Target title="calc">
				<Option output="/home/kosant/Desktop/Smartcalc_CPP/build-src-Desktop-Debug/calc" prefix_auto="0" extension_auto="0"/>
				<Option working_dir="/home/kosant/Desktop/Smartcalc_CPP/build-src-Desktop-Debug"/>
				<Option object_output="./"/>
				<Option type="0"/>
				<Option compiler="gcc"/>
				<Compiler>
					<Add option="-DQT_WIDGETS_LIB"/>
					<Add option="-DQT_GUI_LIB"/>
					<Add option="-DQT_CORE_LIB"/>
					<Add directory="/home/kosant/Desktop/Smartcalc_CPP/build-src-Desktop-Debug"/>
					<Add directory="/home/kosant/Desktop/Smartcalc_CPP/src"/>
					<Add directory="/home/kosant/Desktop/Smartcalc_CPP/build-src-Desktop-Debug/calc_autogen/include"/>
					<Add directory="/usr/include/x86_64-linux-gnu/qt5"/>
					<Add directory="/usr/include/x86_64-linux-gnu/qt5/QtWidgets"/>
					<Add directory="/usr/include/x86_64-linux-gnu/qt5/QtGui"/>
					<Add directory="/usr/include/x86_64-linux-gnu/qt5/QtCore"/>
					<Add directory="/usr/lib/x86_64-linux-gnu/qt5/mkspecs/linux-g++"/>
					<Add directory="/usr/include/c++/9"/>
					<Add directory="/usr/include/x86_64-linux-gnu/c++/9"/>
					<Add directory="/usr/include/c++/9/backward"/>
					<Add directory="/usr/lib/gcc/x86_64-linux-gnu/9/include"/>
					<Add directory="/usr/local/include"/>
					<Add directory="/usr/include/x86_64-linux-gnu"/>
					<Add directory="/usr/include"/>
				</Compiler>
				<MakeCommands>
					<Build command="/usr/bin/make -j12 -f &quot;/home/kosant/Desktop/Smartcalc_CPP/build-src-Desktop-Debug/Makefile&quot;  VERBOSE=1 calc"/>
					<CompileFile command="/usr/bin/make -j12 -f &quot;/home/kosant/Desktop/Smartcalc_CPP/build-src-Desktop-Debug/Makefile&quot;  VERBOSE=1 &quot;$file&quot;"/>
					<Clean command="/usr/bin/make -j12 -f &quot;/home/kosant/Desktop/Smartcalc_CPP/build-src-Desktop-Debug/Makefile&quot;  VERBOSE=1 clean"/>
					<DistClean command="/usr/bin/make -j12 -f &quot;/home/kosant/Desktop/Smartcalc_CPP/build-src-Desktop-Debug/Makefile&quot;  VERBOSE=1 clean"/>
				</MakeCommands>
			</Target>
			<Target title="calc/fast">
				<Option output="/home/kosant/Desktop/Smartcalc_CPP/build-src-Desktop-Debug/calc" prefix_auto="0" extension_auto="0"/>
				<Option working_dir="/home/kosant/Desktop/Smartcalc_CPP/build-src-Desktop-Debug"/>
				<Option object_output="./"/>
				<Option type="0"/>
				<Option compiler="gcc"/>
				<Compiler>
					<Add option="-DQT_WIDGETS_LIB"/>
					<Add option="-DQT_GUI_LIB"/>
					<Add option="-DQT_CORE_LIB"/>
					<Add directory="/home/kosant/Desktop/Smartcalc_CPP/build-src-Desktop-Debug"/>
					<Add directory="/home/kosant/Desktop/Smartcalc_CPP/src"/>
					<Add directory="/home/kosant/Desktop/Smartcalc_CPP/build-src-Desktop-Debug/calc_autogen/include"/>
					<Add directory="/usr/include/x86_64-linux-gnu/qt5"/>
					<Add directory="/usr/include/x86_64-linux-gnu/qt5/QtWidgets"/>
					<Add directory="/usr/include/x86_64-linux-gnu/qt5/QtGui"/>
					<Add directory="/usr/include/x86_64-linux-gnu/qt5/QtCore"/>
					<Add directory="/usr/lib/x86_64-linux-gnu/qt5/mkspecs/linux-g++"/>
					<Add directory="/usr/include/c++/9"/>
					<Add directory="/usr/include/x86_64-linux-gnu/c++/9"/>
					<Add directory="/usr/include/c++/9/backward"/>
					<Add directory="/usr/lib/gcc/x86_64-linux-gnu/9/include"/>
					<Add directory="/usr/local/include"/>
					<Add directory="/usr/include/x86_64-linux-gnu"/>
					<Add directory="/usr/include"/>
				</Compiler>
				<MakeCommands>
					<Build command="/usr/bin/make -j12 -f &quot;/home/kosant/Desktop/Smartcalc_CPP/build-src-Desktop-Debug/Makefile&quot;  VERBOSE=1 calc/fast"/>
					<CompileFile command="/usr/bin/make -j12 -f &quot;/home/kosant/Desktop/Smartcalc_CPP/build-src-Desktop-Debug/Makefile&quot;  VERBOSE=1 &quot;$file&quot;"/>
					<Clean command="/usr/bin/make -j12 -f &quot;/home/kosant/Desktop/Smartcalc_CPP/build-src-Desktop-Debug/Makefile&quot;  VERBOSE=1 clean"/>
					<DistClean command="/usr/bin/make -j12 -f &quot;/home/kosant/Desktop/Smartcalc_CPP/build-src-Desktop-Debug/Makefile&quot;  VERBOSE=1 clean"/>
				</MakeCommands>
			</Target>
			<Target title="edit_cache">
				<Option working_dir="/home/kosant/Desktop/Smartcalc_CPP/build-src-Desktop-Debug"/>
				<Option type="4"/>
				<MakeCommands>
					<Build command="/usr/bin/make -j12 -f &quot;/home/kosant/Desktop/Smartcalc_CPP/build-src-Desktop-Debug/Makefile&quot;  VERBOSE=1 edit_cache"/>
					<CompileFile command="/usr/bin/make -j12 -f &quot;/home/kosant/Desktop/Smartcalc_CPP/build-src-Desktop-Debug/Makefile&quot;  VERBOSE=1 &quot;$file&quot;"/>
					<Clean command="/usr/bin/make -j12 -f &quot;/home/kosant/Desktop/Smartcalc_CPP/build-src-Desktop-Debug/Makefile&quot;  VERBOSE=1 clean"/>
					<DistClean command="/usr/bin/make -j12 -f &quot;/home/kosant/Desktop/Smartcalc_CPP/build-src-Desktop-Debug/Makefile&quot;  VERBOSE=1 clean"/>
				</MakeCommands>
			</Target>
			<Target title="rebuild_cache">
				<Option working_dir="/home/kosant/Desktop/Smartcalc_CPP/build-src-Desktop-Debug"/>
				<Option type="4"/>
				<MakeCommands>
					<Build command="/usr/bin/make -j12 -f &quot;/home/kosant/Desktop/Smartcalc_CPP/build-src-Desktop-Debug/Makefile&quot;  VERBOSE=1 rebuild_cache"/>
					<CompileFile command="/usr/bin/make -j12 -f &quot;/home/kosant/Desktop/Smartcalc_CPP/build-src-Desktop-Debug/Makefile&quot;  VERBOSE=1 &quot;$file&quot;"/>
					<Clean command="/usr/bin/make -j12 -f &quot;/home/kosant/Desktop/Smartcalc_CPP/build-src-Desktop-Debug/Makefile&quot;  VERBOSE=1 clean"/>
					<DistClean command="/usr/bin/make -j12 -f &quot;/home/kosant/Desktop/Smartcalc_CPP/build-src-Desktop-Debug/Makefile&quot;  VERBOSE=1 clean"/>
				</MakeCommands>
			</Target>
			<Target title="calc_autogen">
				<Option working_dir="/home/kosant/Desktop/Smartcalc_CPP/build-src-Desktop-Debug"/>
				<Option type="4"/>
				<MakeCommands>
					<Build command="/usr/bin/make -j12 -f &quot;/home/kosant/Desktop/Smartcalc_CPP/build-src-Desktop-Debug/Makefile&quot;  VERBOSE=1 calc_autogen"/>
					<CompileFile command="/usr/bin/make -j12 -f &quot;/home/kosant/Desktop/Smartcalc_CPP/build-src-Desktop-Debug/Makefile&quot;  VERBOSE=1 &quot;$file&quot;"/>
					<Clean command="/usr/bin/make -j12 -f &quot;/home/kosant/Desktop/Smartcalc_CPP/build-src-Desktop-Debug/Makefile&quot;  VERBOSE=1 clean"/>
					<DistClean command="/usr/bin/make -j12 -f &quot;/home/kosant/Desktop/Smartcalc_CPP/build-src-Desktop-Debug/Makefile&quot;  VERBOSE=1 clean"/>
				</MakeCommands>
			</Target>
		</Build>
		<Unit filename="/home/kosant/Desktop/Smartcalc_CPP/build-src-Desktop-Debug/calc_autogen/3YJK5W5UP7/qrc_resources.cpp">
			<Option target="calc"/>
		</Unit>
		<Unit filename="/home/kosant/Desktop/Smartcalc_CPP/build-src-Desktop-Debug/calc_autogen/3YJK5W5UP7/qrc_resources.cpp.rule">
			<Option target="calc"/>
		</Unit>
		<Unit filename="/home/kosant/Desktop/Smartcalc_CPP/build-src-Desktop-Debug/calc_autogen/include/view/ui_calculator.h">
			<Option target="calc"/>
		</Unit>
		<Unit filename="/home/kosant/Desktop/Smartcalc_CPP/build-src-Desktop-Debug/calc_autogen/include/view/ui_credit.h">
			<Option target="calc"/>
		</Unit>
		<Unit filename="/home/kosant/Desktop/Smartcalc_CPP/build-src-Desktop-Debug/calc_autogen/include/view/ui_mainwindow.h">
			<Option target="calc"/>
		</Unit>
		<Unit filename="/home/kosant/Desktop/Smartcalc_CPP/build-src-Desktop-Debug/calc_autogen/mocs_compilation.cpp">
			<Option target="calc"/>
		</Unit>
		<Unit filename="/home/kosant/Desktop/Smartcalc_CPP/src/calc_en_US.ts">
			<Option target="calc"/>
		</Unit>
		<Unit filename="/home/kosant/Desktop/Smartcalc_CPP/src/calc_en_US.ts.rule">
			<Option target="calc"/>
		</Unit>
		<Unit filename="/home/kosant/Desktop/Smartcalc_CPP/src/controller/controllercalculator.cc">
			<Option target="calc"/>
		</Unit>
		<Unit filename="/home/kosant/Desktop/Smartcalc_CPP/src/controller/controllercalculator.h">
			<Option target="calc"/>
		</Unit>
		<Unit filename="/home/kosant/Desktop/Smartcalc_CPP/src/controller/controllercredit.cc">
			<Option target="calc"/>
		</Unit>
		<Unit filename="/home/kosant/Desktop/Smartcalc_CPP/src/controller/controllercredit.h">
			<Option target="calc"/>
		</Unit>
		<Unit filename="/home/kosant/Desktop/Smartcalc_CPP/src/main.cc">
			<Option target="calc"/>
		</Unit>
		<Unit filename="/home/kosant/Desktop/Smartcalc_CPP/src/model/creditcalculator.cc">
			<Option target="calc"/>
		</Unit>
		<Unit filename="/home/kosant/Desktop/Smartcalc_CPP/src/model/creditcalculator.h">
			<Option target="calc"/>
		</Unit>
		<Unit filename="/home/kosant/Desktop/Smartcalc_CPP/src/model/expression.cc">
			<Option target="calc"/>
		</Unit>
		<Unit filename="/home/kosant/Desktop/Smartcalc_CPP/src/model/expression.h">
			<Option target="calc"/>
		</Unit>
		<Unit filename="/home/kosant/Desktop/Smartcalc_CPP/src/resources/icons/icon.icns">
			<Option target="calc"/>
		</Unit>
		<Unit filename="/home/kosant/Desktop/Smartcalc_CPP/src/resources/icons/icon.ico">
			<Option target="calc"/>
		</Unit>
		<Unit filename="/home/kosant/Desktop/Smartcalc_CPP/src/resources/icons/icon.png">
			<Option target="calc"/>
		</Unit>
		<Unit filename="/home/kosant/Desktop/Smartcalc_CPP/src/resources/resources.qrc">
			<Option target="calc"/>
		</Unit>
		<Unit filename="/home/kosant/Desktop/Smartcalc_CPP/src/resources/styles/background.png">
			<Option target="calc"/>
		</Unit>
		<Unit filename="/home/kosant/Desktop/Smartcalc_CPP/src/view/QCustomPlot/qcustomplot.cc">
			<Option target="calc"/>
		</Unit>
		<Unit filename="/home/kosant/Desktop/Smartcalc_CPP/src/view/QCustomPlot/qcustomplot.h">
			<Option target="calc"/>
		</Unit>
		<Unit filename="/home/kosant/Desktop/Smartcalc_CPP/src/view/calculator.cc">
			<Option target="calc"/>
		</Unit>
		<Unit filename="/home/kosant/Desktop/Smartcalc_CPP/src/view/calculator.h">
			<Option target="calc"/>
		</Unit>
		<Unit filename="/home/kosant/Desktop/Smartcalc_CPP/src/view/calculator.ui">
			<Option target="calc"/>
		</Unit>
		<Unit filename="/home/kosant/Desktop/Smartcalc_CPP/src/view/credit.cc">
			<Option target="calc"/>
		</Unit>
		<Unit filename="/home/kosant/Desktop/Smartcalc_CPP/src/view/credit.h">
			<Option target="calc"/>
		</Unit>
		<Unit filename="/home/kosant/Desktop/Smartcalc_CPP/src/view/credit.ui">
			<Option target="calc"/>
		</Unit>
		<Unit filename="/home/kosant/Desktop/Smartcalc_CPP/src/view/mainwindow.cc">
			<Option target="calc"/>
		</Unit>
		<Unit filename="/home/kosant/Desktop/Smartcalc_CPP/src/view/mainwindow.h">
			<Option target="calc"/>
		</Unit>
		<Unit filename="/home/kosant/Desktop/Smartcalc_CPP/src/view/mainwindow.ui">
			<Option target="calc"/>
		</Unit>
		<Unit filename="/home/kosant/Desktop/Smartcalc_CPP/src/CMakeLists.txt">
			<Option virtualFolder="CMake Files\"/>
		</Unit>
		<Unit filename="/home/kosant/Desktop/Smartcalc_CPP/src/../../../../../usr/lib/x86_64-linux-gnu/cmake/Qt5/Qt5Config.cmake">
			<Option virtualFolder="CMake Files\..\..\..\..\..\usr\lib\x86_64-linux-gnu\cmake\Qt5\"/>
		</Unit>
		<Unit filename="/home/kosant/Desktop/Smartcalc_CPP/src/../../../../../usr/lib/x86_64-linux-gnu/cmake/Qt5/Qt5ConfigVersion.cmake">
			<Option virtualFolder="CMake Files\..\..\..\..\..\usr\lib\x86_64-linux-gnu\cmake\Qt5\"/>
		</Unit>
		<Unit filename="/home/kosant/Desktop/Smartcalc_CPP/src/../../../../../usr/lib/x86_64-linux-gnu/cmake/Qt5/Qt5ModuleLocation.cmake">
			<Option virtualFolder="CMake Files\..\..\..\..\..\usr\lib\x86_64-linux-gnu\cmake\Qt5\"/>
		</Unit>
		<Unit filename="/home/kosant/Desktop/Smartcalc_CPP/src/../../../../../usr/lib/x86_64-linux-gnu/cmake/Qt5Widgets/Qt5WidgetsConfig.cmake">
			<Option virtualFolder="CMake Files\..\..\..\..\..\usr\lib\x86_64-linux-gnu\cmake\Qt5Widgets\"/>
		</Unit>
		<Unit filename="/home/kosant/Desktop/Smartcalc_CPP/src/../../../../../usr/lib/x86_64-linux-gnu/cmake/Qt5Widgets/Qt5WidgetsConfigExtras.cmake">
			<Option virtualFolder="CMake Files\..\..\..\..\..\usr\lib\x86_64-linux-gnu\cmake\Qt5Widgets\"/>
		</Unit>
		<Unit filename="/home/kosant/Desktop/Smartcalc_CPP/src/../../../../../usr/lib/x86_64-linux-gnu/cmake/Qt5Widgets/Qt5WidgetsConfigVersion.cmake">
			<Option virtualFolder="CMake Files\..\..\..\..\..\usr\lib\x86_64-linux-gnu\cmake\Qt5Widgets\"/>
		</Unit>
		<Unit filename="/home/kosant/Desktop/Smartcalc_CPP/src/../../../../../usr/lib/x86_64-linux-gnu/cmake/Qt5Widgets/Qt5WidgetsMacros.cmake">
			<Option virtualFolder="CMake Files\..\..\..\..\..\usr\lib\x86_64-linux-gnu\cmake\Qt5Widgets\"/>
		</Unit>
		<Unit filename="/home/kosant/Desktop/Smartcalc_CPP/src/../../../../../usr/lib/x86_64-linux-gnu/cmake/Qt5Gui/Qt5GuiConfig.cmake">
			<Option virtualFolder="CMake Files\..\..\..\..\..\usr\lib\x86_64-linux-gnu\cmake\Qt5Gui\"/>
		</Unit>
		<Unit filename="/home/kosant/Desktop/Smartcalc_CPP/src/../../../../../usr/lib/x86_64-linux-gnu/cmake/Qt5Gui/Qt5GuiConfigExtras.cmake">
			<Option virtualFolder="CMake Files\..\..\..\..\..\usr\lib\x86_64-linux-gnu\cmake\Qt5Gui\"/>
		</Unit>
		<Unit filename="/home/kosant/Desktop/Smartcalc_CPP/src/../../../../../usr/lib/x86_64-linux-gnu/cmake/Qt5Gui/Qt5GuiConfigVersion.cmake">
			<Option virtualFolder="CMake Files\..\..\..\..\..\usr\lib\x86_64-linux-gnu\cmake\Qt5Gui\"/>
		</Unit>
		<Unit filename="/home/kosant/Desktop/Smartcalc_CPP/src/../../../../../usr/lib/x86_64-linux-gnu/cmake/Qt5Gui/Qt5Gui_QComposePlatformInputContextPlugin.cmake">
			<Option virtualFolder="CMake Files\..\..\..\..\..\usr\lib\x86_64-linux-gnu\cmake\Qt5Gui\"/>
		</Unit>
		<Unit filename="/home/kosant/Desktop/Smartcalc_CPP/src/../../../../../usr/lib/x86_64-linux-gnu/cmake/Qt5Gui/Qt5Gui_QEglFSEmulatorIntegrationPlugin.cmake">
			<Option virtualFolder="CMake Files\..\..\..\..\..\usr\lib\x86_64-linux-gnu\cmake\Qt5Gui\"/>
		</Unit>
		<Unit filename="/home/kosant/Desktop/Smartcalc_CPP/src/../../../../../usr/lib/x86_64-linux-gnu/cmake/Qt5Gui/Qt5Gui_QEglFSIntegrationPlugin.cmake">
			<Option virtualFolder="CMake Files\..\..\..\..\..\usr\lib\x86_64-linux-gnu\cmake\Qt5Gui\"/>
		</Unit>
		<Unit filename="/home/kosant/Desktop/Smartcalc_CPP/src/../../../../../usr/lib/x86_64-linux-gnu/cmake/Qt5Gui/Qt5Gui_QEglFSKmsEglDeviceIntegrationPlugin.cmake">
			<Option virtualFolder="CMake Files\..\..\..\..\..\usr\lib\x86_64-linux-gnu\cmake\Qt5Gui\"/>
		</Unit>
		<Unit filename="/home/kosant/Desktop/Smartcalc_CPP/src/../../../../../usr/lib/x86_64-linux-gnu/cmake/Qt5Gui/Qt5Gui_QEglFSKmsGbmIntegrationPlugin.cmake">
			<Option virtualFolder="CMake Files\..\..\..\..\..\usr\lib\x86_64-linux-gnu\cmake\Qt5Gui\"/>
		</Unit>
		<Unit filename="/home/kosant/Desktop/Smartcalc_CPP/src/../../../../../usr/lib/x86_64-linux-gnu/cmake/Qt5Gui/Qt5Gui_QEglFSX11IntegrationPlugin.cmake">
			<Option virtualFolder="CMake Files\..\..\..\..\..\usr\lib\x86_64-linux-gnu\cmake\Qt5Gui\"/>
		</Unit>
		<Unit filename="/home/kosant/Desktop/Smartcalc_CPP/src/../../../../../usr/lib/x86_64-linux-gnu/cmake/Qt5Gui/Qt5Gui_QEvdevKeyboardPlugin.cmake">
			<Option virtualFolder="CMake Files\..\..\..\..\..\usr\lib\x86_64-linux-gnu\cmake\Qt5Gui\"/>
		</Unit>
		<Unit filename="/home/kosant/Desktop/Smartcalc_CPP/src/../../../../../usr/lib/x86_64-linux-gnu/cmake/Qt5Gui/Qt5Gui_QEvdevMousePlugin.cmake">
			<Option virtualFolder="CMake Files\..\..\..\..\..\usr\lib\x86_64-linux-gnu\cmake\Qt5Gui\"/>
		</Unit>
		<Unit filename="/home/kosant/Desktop/Smartcalc_CPP/src/../../../../../usr/lib/x86_64-linux-gnu/cmake/Qt5Gui/Qt5Gui_QEvdevTabletPlugin.cmake">
			<Option virtualFolder="CMake Files\..\..\..\..\..\usr\lib\x86_64-linux-gnu\cmake\Qt5Gui\"/>
		</Unit>
		<Unit filename="/home/kosant/Desktop/Smartcalc_CPP/src/../../../../../usr/lib/x86_64-linux-gnu/cmake/Qt5Gui/Qt5Gui_QEvdevTouchScreenPlugin.cmake">
			<Option virtualFolder="CMake Files\..\..\..\..\..\usr\lib\x86_64-linux-gnu\cmake\Qt5Gui\"/>
		</Unit>
		<Unit filename="/home/kosant/Desktop/Smartcalc_CPP/src/../../../../../usr/lib/x86_64-linux-gnu/cmake/Qt5Gui/Qt5Gui_QGifPlugin.cmake">
			<Option virtualFolder="CMake Files\..\..\..\..\..\usr\lib\x86_64-linux-gnu\cmake\Qt5Gui\"/>
		</Unit>
		<Unit filename="/home/kosant/Desktop/Smartcalc_CPP/src/../../../../../usr/lib/x86_64-linux-gnu/cmake/Qt5Gui/Qt5Gui_QICOPlugin.cmake">
			<Option virtualFolder="CMake Files\..\..\..\..\..\usr\lib\x86_64-linux-gnu\cmake\Qt5Gui\"/>
		</Unit>
		<Unit filename="/home/kosant/Desktop/Smartcalc_CPP/src/../../../../../usr/lib/x86_64-linux-gnu/cmake/Qt5Gui/Qt5Gui_QIbusPlatformInputContextPlugin.cmake">
			<Option virtualFolder="CMake Files\..\..\..\..\..\usr\lib\x86_64-linux-gnu\cmake\Qt5Gui\"/>
		</Unit>
		<Unit filename="/home/kosant/Desktop/Smartcalc_CPP/src/../../../../../usr/lib/x86_64-linux-gnu/cmake/Qt5Gui/Qt5Gui_QJpegPlugin.cmake">
			<Option virtualFolder="CMake Files\..\..\..\..\..\usr\lib\x86_64-linux-gnu\cmake\Qt5Gui\"/>
		</Unit>
		<Unit filename="/home/kosant/Desktop/Smartcalc_CPP/src/../../../../../usr/lib/x86_64-linux-gnu/cmake/Qt5Gui/Qt5Gui_QLibInputPlugin.cmake">
			<Option virtualFolder="CMake Files\..\..\..\..\..\usr\lib\x86_64-linux-gnu\cmake\Qt5Gui\"/>
		</Unit>
		<Unit filename="/home/kosant/Desktop/Smartcalc_CPP/src/../../../../../usr/lib/x86_64-linux-gnu/cmake/Qt5Gui/Qt5Gui_QLinuxFbIntegrationPlugin.cmake">
			<Option virtualFolder="CMake Files\..\..\..\..\..\usr\lib\x86_64-linux-gnu\cmake\Qt5Gui\"/>
		</Unit>
		<Unit filename="/home/kosant/Desktop/Smartcalc_CPP/src/../../../../../usr/lib/x86_64-linux-gnu/cmake/Qt5Gui/Qt5Gui_QMinimalEglIntegrationPlugin.cmake">
			<Option virtualFolder="CMake Files\..\..\..\..\..\usr\lib\x86_64-linux-gnu\cmake\Qt5Gui\"/>
		</Unit>
		<Unit filename="/home/kosant/Desktop/Smartcalc_CPP/src/../../../../../usr/lib/x86_64-linux-gnu/cmake/Qt5Gui/Qt5Gui_QMinimalIntegrationPlugin.cmake">
			<Option virtualFolder="CMake Files\..\..\..\..\..\usr\lib\x86_64-linux-gnu\cmake\Qt5Gui\"/>
		</Unit>
		<Unit filename="/home/kosant/Desktop/Smartcalc_CPP/src/../../../../../usr/lib/x86_64-linux-gnu/cmake/Qt5Gui/Qt5Gui_QOffscreenIntegrationPlugin.cmake">
			<Option virtualFolder="CMake Files\..\..\..\..\..\usr\lib\x86_64-linux-gnu\cmake\Qt5Gui\"/>
		</Unit>
		<Unit filename="/home/kosant/Desktop/Smartcalc_CPP/src/../../../../../usr/lib/x86_64-linux-gnu/cmake/Qt5Gui/Qt5Gui_QTuioTouchPlugin.cmake">
			<Option virtualFolder="CMake Files\..\..\..\..\..\usr\lib\x86_64-linux-gnu\cmake\Qt5Gui\"/>
		</Unit>
		<Unit filename="/home/kosant/Desktop/Smartcalc_CPP/src/../../../../../usr/lib/x86_64-linux-gnu/cmake/Qt5Gui/Qt5Gui_QVncIntegrationPlugin.cmake">
			<Option virtualFolder="CMake Files\..\..\..\..\..\usr\lib\x86_64-linux-gnu\cmake\Qt5Gui\"/>
		</Unit>
		<Unit filename="/home/kosant/Desktop/Smartcalc_CPP/src/../../../../../usr/lib/x86_64-linux-gnu/cmake/Qt5Gui/Qt5Gui_QXcbEglIntegrationPlugin.cmake">
			<Option virtualFolder="CMake Files\..\..\..\..\..\usr\lib\x86_64-linux-gnu\cmake\Qt5Gui\"/>
		</Unit>
		<Unit filename="/home/kosant/Desktop/Smartcalc_CPP/src/../../../../../usr/lib/x86_64-linux-gnu/cmake/Qt5Gui/Qt5Gui_QXcbGlxIntegrationPlugin.cmake">
			<Option virtualFolder="CMake Files\..\..\..\..\..\usr\lib\x86_64-linux-gnu\cmake\Qt5Gui\"/>
		</Unit>
		<Unit filename="/home/kosant/Desktop/Smartcalc_CPP/src/../../../../../usr/lib/x86_64-linux-gnu/cmake/Qt5Gui/Qt5Gui_QXcbIntegrationPlugin.cmake">
			<Option virtualFolder="CMake Files\..\..\..\..\..\usr\lib\x86_64-linux-gnu\cmake\Qt5Gui\"/>
		</Unit>
		<Unit filename="/home/kosant/Desktop/Smartcalc_CPP/src/../../../../../usr/lib/x86_64-linux-gnu/cmake/Qt5Core/Qt5CoreConfig.cmake">
			<Option virtualFolder="CMake Files\..\..\..\..\..\usr\lib\x86_64-linux-gnu\cmake\Qt5Core\"/>
		</Unit>
		<Unit filename="/home/kosant/Desktop/Smartcalc_CPP/src/../../../../../usr/lib/x86_64-linux-gnu/cmake/Qt5Core/Qt5CoreConfigExtras.cmake">
			<Option virtualFolder="CMake Files\..\..\..\..\..\usr\lib\x86_64-linux-gnu\cmake\Qt5Core\"/>
		</Unit>
		<Unit filename="/home/kosant/Desktop/Smartcalc_CPP/src/../../../../../usr/lib/x86_64-linux-gnu/cmake/Qt5Core/Qt5CoreConfigExtrasMkspecDir.cmake">
			<Option virtualFolder="CMake Files\..\..\..\..\..\usr\lib\x86_64-linux-gnu\cmake\Qt5Core\"/>
		</Unit>
		<Unit filename="/home/kosant/Desktop/Smartcalc_CPP/src/../../../../../usr/lib/x86_64-linux-gnu/cmake/Qt5Core/Qt5CoreConfigVersion.cmake">
			<Option virtualFolder="CMake Files\..\..\..\..\..\usr\lib\x86_64-linux-gnu\cmake\Qt5Core\"/>
		</Unit>
		<Unit filename="/home/kosant/Desktop/Smartcalc_CPP/src/../../../../../usr/lib/x86_64-linux-gnu/cmake/Qt5Core/Qt5CoreMacros.cmake">
			<Option virtualFolder="CMake Files\..\..\..\..\..\usr\lib\x86_64-linux-gnu\cmake\Qt5Core\"/>
		</Unit>
		<Unit filename="/home/kosant/Desktop/Smartcalc_CPP/src/../../../../../usr/lib/x86_64-linux-gnu/cmake/Qt5LinguistTools/Qt5LinguistToolsConfig.cmake">
			<Option virtualFolder="CMake Files\..\..\..\..\..\usr\lib\x86_64-linux-gnu\cmake\Qt5LinguistTools\"/>
		</Unit>
		<Unit filename="/home/kosant/Desktop/Smartcalc_CPP/src/../../../../../usr/lib/x86_64-linux-gnu/cmake/Qt5LinguistTools/Qt5LinguistToolsConfigVersion.cmake">
			<Option virtualFolder="CMake Files\..\..\..\..\..\usr\lib\x86_64-linux-gnu\cmake\Qt5LinguistTools\"/>
		</Unit>
		<Unit filename="/home/kosant/Desktop/Smartcalc_CPP/src/../../../../../usr/lib/x86_64-linux-gnu/cmake/Qt5LinguistTools/Qt5LinguistToolsMacros.cmake">
			<Option virtualFolder="CMake Files\..\..\..\..\..\usr\lib\x86_64-linux-gnu\cmake\Qt5LinguistTools\"/>
		</Unit>
		<Unit filename="/home/kosant/Desktop/Smartcalc_CPP/src/resources/resources.qrc">
			<Option virtualFolder="CMake Files\resources\"/>
		</Unit>
	</Project>
</CodeBlocks_project_file>
